{
  "requires": true,
  "lockfileVersion": 1,
  "dependencies": {
    "logrocket": {
      "version": "9.0.0",
      "resolved": "https://registry.npmjs.org/logrocket/-/logrocket-9.0.0.tgz",
      "integrity": "sha512-/nYoKA4W8nr3YETPyOin9oiFFzwGDv8Lh02DG8ZnS9coKBYwrEG+dE2OqpOotVbs4zJWjCCPaqhR/HAMi+O3yA=="
    }
  }
}
